# @generated by Move, please check-in and do not edit manually.

[move]
version = 1
manifest_digest = "FF765367BC4943FFD3395F3F0C19882A33C822054D852C08598AE3E7721C695D"
deps_digest = "F8BBB0CCB2491CA29A3DF03D6F92277A4F3574266507ACD77214D37ECA3F3082"
dependencies = [
  { name = "Sui" },
]

[[move.package]]
name = "MoveStdlib"
source = { git = "https://github.com/MystenLabs/sui.git", rev = "testnet-v1.31.1", subdir = "crates/sui-framework/packages/move-stdlib" }

[[move.package]]
name = "Sui"
source = { git = "https://github.com/MystenLabs/sui.git", rev = "testnet-v1.31.1", subdir = "crates/sui-framework/packages/sui-framework" }

dependencies = [
  { name = "MoveStdlib" },
]

[move.toolchain-version]
compiler-version = "1.31.1"
edition = "2024.beta"
flavor = "sui"

[env]

[env.testnet]
chain-id = "4c78adac"
original-published-id = "0xc35b50560c86204683a870b66d74eda59c4f404e83f35410ea802aaf38f01173"
latest-published-id = "0xc35b50560c86204683a870b66d74eda59c4f404e83f35410ea802aaf38f01173"
published-version = "1"

[env.local]
chain-id = "6f11f8ee"
original-published-id = "0x5febbf92d3acbd5cd29423248b6a864a1644f2b8e0f24a893c5993c2c879bdf4"
latest-published-id = "0x5febbf92d3acbd5cd29423248b6a864a1644f2b8e0f24a893c5993c2c879bdf4"
published-version = "1"
