# @generated by Move, please check-in and do not edit manually.

[move]
version = 1
manifest_digest = "AE46E6826B2C98BD5FC1D91B682225756BEED2956B70E5AF8E9CAB0444A9A6CA"
deps_digest = "3C4103934B1E040BB6B23F1D610B4EF9F2F1166A50A104EADCF77467C004C600"
dependencies = [
  { name = "Iota" },
  { name = "MoveStdlib" },
]

[[move.package]]
name = "Iota"
source = { git = "https://github.com/iotaledger/iota.git", rev = "develop", subdir = "crates/iota-framework/packages/iota-framework" }

dependencies = [
  { name = "MoveStdlib" },
]

[[move.package]]
name = "MoveStdlib"
source = { git = "https://github.com/iotaledger/iota.git", rev = "develop", subdir = "crates/iota-framework/packages/move-stdlib" }

[move.toolchain-version]
compiler-version = "1.22.0"
edition = "legacy"
flavor = "sui"
