# @generated by Move, please check-in and do not edit manually.

[move]
version = 3
manifest_digest = "8D7E7173058105ED0AF0F9813A67B01CB93B3CBC618CFC753183913FB3F65E95"
deps_digest = "52B406A7A21811BEF51751CF88DA0E76DAEFFEAC888D4F4060B1A72BBE7D8D35"
dependencies = [
  { id = "Hierarchies", name = "Hierarchies" },
  { id = "Iota", name = "Iota" },
  { id = "IotaSystem", name = "IotaSystem" },
  { id = "MoveStdlib", name = "MoveStdlib" },
  { id = "Stardust", name = "Stardust" },
  { id = "TfComponents", name = "TfComponents" },
]

[[move.package]]
id = "Hierarchies"
source = { local = "../../hierarchies-move" }

dependencies = [
  { id = "Iota", name = "Iota" },
  { id = "IotaSystem", name = "IotaSystem" },
  { id = "MoveStdlib", name = "MoveStdlib" },
  { id = "Stardust", name = "Stardust" },
]

[[move.package]]
id = "Iota"
source = { git = "https://github.com/iotaledger/iota.git", rev = "14632491a9d1c35e3055be16c157539fb024ab62", subdir = "crates/iota-framework/packages/iota-framework" }

dependencies = [
  { id = "MoveStdlib", name = "MoveStdlib" },
]

[[move.package]]
id = "IotaSystem"
source = { git = "https://github.com/iotaledger/iota.git", rev = "14632491a9d1c35e3055be16c157539fb024ab62", subdir = "crates/iota-framework/packages/iota-system" }

dependencies = [
  { id = "Iota", name = "Iota" },
  { id = "MoveStdlib", name = "MoveStdlib" },
]

[[move.package]]
id = "MoveStdlib"
source = { git = "https://github.com/iotaledger/iota.git", rev = "14632491a9d1c35e3055be16c157539fb024ab62", subdir = "crates/iota-framework/packages/move-stdlib" }

[[move.package]]
id = "Stardust"
source = { git = "https://github.com/iotaledger/iota.git", rev = "14632491a9d1c35e3055be16c157539fb024ab62", subdir = "crates/iota-framework/packages/stardust" }

dependencies = [
  { id = "Iota", name = "Iota" },
  { id = "MoveStdlib", name = "MoveStdlib" },
]

[[move.package]]
id = "TfComponents"
source = { local = "../../../product-core/components_move" }

dependencies = [
  { id = "Iota", name = "Iota" },
  { id = "IotaSystem", name = "IotaSystem" },
  { id = "MoveStdlib", name = "MoveStdlib" },
  { id = "Stardust", name = "Stardust" },
]

[move.toolchain-version]
compiler-version = "1.11.0"
edition = "2024.beta"
flavor = "iota"

[env]

[env.localnet]
chain-id = "40bef197"
original-published-id = "0x57654d7c8a220f3bf24d5efa57ef45ee09818f6ae9113ca2604b4132ca744bf0"
latest-published-id = "0x57654d7c8a220f3bf24d5efa57ef45ee09818f6ae9113ca2604b4132ca744bf0"
published-version = "1"
