# @generated by Move, please check-in and do not edit manually.

[move]
version = 3
manifest_digest = "D4F6413691DF28F267644561F43687479535714C777A8BE95D92E9332D6E523F"
deps_digest = "52B406A7A21811BEF51751CF88DA0E76DAEFFEAC888D4F4060B1A72BBE7D8D35"
dependencies = [
  { id = "Hierarchies", name = "Hierarchies" },
  { id = "Iota", name = "Iota" },
  { id = "IotaSystem", name = "IotaSystem" },
  { id = "MoveStdlib", name = "MoveStdlib" },
  { id = "Stardust", name = "Stardust" },
  { id = "TfComponents", name = "TfComponents" },
]

[[move.package]]
id = "Hierarchies"
source = { local = "../../hierarchies-move" }

dependencies = [
  { id = "Iota", name = "Iota" },
  { id = "IotaSystem", name = "IotaSystem" },
  { id = "MoveStdlib", name = "MoveStdlib" },
  { id = "Stardust", name = "Stardust" },
]

[[move.package]]
id = "Iota"
source = { git = "https://github.com/iotaledger/iota.git", rev = "14632491a9d1c35e3055be16c157539fb024ab62", subdir = "crates/iota-framework/packages/iota-framework" }

dependencies = [
  { id = "MoveStdlib", name = "MoveStdlib" },
]

[[move.package]]
id = "IotaSystem"
source = { git = "https://github.com/iotaledger/iota.git", rev = "14632491a9d1c35e3055be16c157539fb024ab62", subdir = "crates/iota-framework/packages/iota-system" }

dependencies = [
  { id = "Iota", name = "Iota" },
  { id = "MoveStdlib", name = "MoveStdlib" },
]

[[move.package]]
id = "MoveStdlib"
source = { git = "https://github.com/iotaledger/iota.git", rev = "14632491a9d1c35e3055be16c157539fb024ab62", subdir = "crates/iota-framework/packages/move-stdlib" }

[[move.package]]
id = "Stardust"
source = { git = "https://github.com/iotaledger/iota.git", rev = "14632491a9d1c35e3055be16c157539fb024ab62", subdir = "crates/iota-framework/packages/stardust" }

dependencies = [
  { id = "Iota", name = "Iota" },
  { id = "MoveStdlib", name = "MoveStdlib" },
]

[[move.package]]
id = "TfComponents"
source = { git = "https://github.com/iotaledger/product-core.git", rev = "feat/tf-compoenents-dev", subdir = "components_move" }

dependencies = [
  { id = "Iota", name = "Iota" },
  { id = "IotaSystem", name = "IotaSystem" },
  { id = "MoveStdlib", name = "MoveStdlib" },
  { id = "Stardust", name = "Stardust" },
]

[move.toolchain-version]
compiler-version = "1.11.0"
edition = "2024.beta"
flavor = "iota"

[env]

[env.localnet]
chain-id = "40bef197"
original-published-id = "0xdab9ec9c36cf51c0164a62a1d870b1e058b8e955b734e2ad8ede7e50b978ce16"
latest-published-id = "0xdab9ec9c36cf51c0164a62a1d870b1e058b8e955b734e2ad8ede7e50b978ce16"
published-version = "1"
