# @generated by Move, please check-in and do not edit manually.

[move]
version = 3
manifest_digest = "36EA1D46FFF2B84CFFCEB267FB12CB5DD34CEB45AFD3E260A66F204CCBA7F683"
deps_digest = "3C4103934B1E040BB6B23F1D610B4EF9F2F1166A50A104EADCF77467C004C600"
dependencies = [
  { id = "Iota", name = "Iota" },
  { id = "MoveStdlib", name = "MoveStdlib" },
]

[[move.package]]
id = "Iota"
source = { git = "https://github.com/iotaledger/iota.git", rev = "v0.11.6-rc", subdir = "crates/iota-framework/packages/iota-framework" }

dependencies = [
  { id = "MoveStdlib", name = "MoveStdlib" },
]

[[move.package]]
id = "MoveStdlib"
source = { git = "https://github.com/iotaledger/iota.git", rev = "v0.11.6-rc", subdir = "crates/iota-framework/packages/move-stdlib" }

[move.toolchain-version]
compiler-version = "1.1.0"
edition = "2024.beta"
flavor = "iota"

[env]

[env.testnet]
chain-id = "2304aa97"
original-published-id = "0xe371d35cc9b61f2ea60cdeaaf3731fb6b4519f9cf93e984d7e515ebd6210e58e"
latest-published-id = "0xe371d35cc9b61f2ea60cdeaaf3731fb6b4519f9cf93e984d7e515ebd6210e58e"
published-version = "1"

[env.local]
chain-id = "768fa695"
original-published-id = "0x34dacc912fad15279da01bd18677ff83f329c13592c0972eaa30fcf5305498e8"
latest-published-id = "0x34dacc912fad15279da01bd18677ff83f329c13592c0972eaa30fcf5305498e8"
published-version = "1"

[env.localnet]
chain-id = "50122712"
original-published-id = "0x2c9c13fb632b0764e3a6032fcffeb43bc6f51e17cb6d7d2421d0cb978d9e668b"
latest-published-id = "0x2c9c13fb632b0764e3a6032fcffeb43bc6f51e17cb6d7d2421d0cb978d9e668b"
published-version = "1"
