# @generated by Move, please check-in and do not edit manually.

[move]
version = 3
manifest_digest = "A5F7874CAE62DDD821783DFE21B158E84E801AF769CDCDCF39C0A8D6A735096A"
deps_digest = "3C4103934B1E040BB6B23F1D610B4EF9F2F1166A50A104EADCF77467C004C600"
dependencies = [
  { id = "Iota", name = "Iota" },
  { id = "MoveStdlib", name = "MoveStdlib" },
]

[[move.package]]
id = "Iota"
source = { git = "https://github.com/iotaledger/iota.git", rev = "v0.11.6-rc", subdir = "crates/iota-framework/packages/iota-framework" }

dependencies = [
  { id = "MoveStdlib", name = "MoveStdlib" },
]

[[move.package]]
id = "MoveStdlib"
source = { git = "https://github.com/iotaledger/iota.git", rev = "v0.11.6-rc", subdir = "crates/iota-framework/packages/move-stdlib" }

[move.toolchain-version]
compiler-version = "0.10.3-rc"
edition = "2024.beta"
flavor = "iota"

[env]

[env.testnet]
chain-id = "2304aa97"
original-published-id = "0xe371d35cc9b61f2ea60cdeaaf3731fb6b4519f9cf93e984d7e515ebd6210e58e"
latest-published-id = "0xe371d35cc9b61f2ea60cdeaaf3731fb6b4519f9cf93e984d7e515ebd6210e58e"
published-version = "1"
