# @generated by Move, please check-in and do not edit manually.

[move]
version = 3
manifest_digest = "AD10EE81CBE5C03DFAF85B9EF6A5A4845C58C5AC8216285C5CB86B086C99EB6E"
deps_digest = "52B406A7A21811BEF51751CF88DA0E76DAEFFEAC888D4F4060B1A72BBE7D8D35"
dependencies = [
  { id = "Hierarchies", name = "Hierarchies" },
  { id = "Iota", name = "Iota" },
  { id = "IotaSystem", name = "IotaSystem" },
  { id = "MoveStdlib", name = "MoveStdlib" },
  { id = "Stardust", name = "Stardust" },
  { id = "TfComponents", name = "TfComponents" },
]

[[move.package]]
id = "Hierarchies"
source = { local = "../hierarchies-move" }

dependencies = [
  { id = "Iota", name = "Iota" },
  { id = "IotaSystem", name = "IotaSystem" },
  { id = "MoveStdlib", name = "MoveStdlib" },
  { id = "Stardust", name = "Stardust" },
]

[[move.package]]
id = "Iota"
source = { git = "https://github.com/iotaledger/iota.git", rev = "14632491a9d1c35e3055be16c157539fb024ab62", subdir = "crates/iota-framework/packages/iota-framework" }

dependencies = [
  { id = "MoveStdlib", name = "MoveStdlib" },
]

[[move.package]]
id = "IotaSystem"
source = { git = "https://github.com/iotaledger/iota.git", rev = "14632491a9d1c35e3055be16c157539fb024ab62", subdir = "crates/iota-framework/packages/iota-system" }

dependencies = [
  { id = "Iota", name = "Iota" },
  { id = "MoveStdlib", name = "MoveStdlib" },
]

[[move.package]]
id = "MoveStdlib"
source = { git = "https://github.com/iotaledger/iota.git", rev = "14632491a9d1c35e3055be16c157539fb024ab62", subdir = "crates/iota-framework/packages/move-stdlib" }

[[move.package]]
id = "Stardust"
source = { git = "https://github.com/iotaledger/iota.git", rev = "14632491a9d1c35e3055be16c157539fb024ab62", subdir = "crates/iota-framework/packages/stardust" }

dependencies = [
  { id = "Iota", name = "Iota" },
  { id = "MoveStdlib", name = "MoveStdlib" },
]

[[move.package]]
id = "TfComponents"
source = { local = "../../product-core/components_move" }

dependencies = [
  { id = "Iota", name = "Iota" },
  { id = "IotaSystem", name = "IotaSystem" },
  { id = "MoveStdlib", name = "MoveStdlib" },
  { id = "Stardust", name = "Stardust" },
]

[move.toolchain-version]
compiler-version = "1.11.0"
edition = "2024.beta"
flavor = "iota"

[env]

[env.localnet]
chain-id = "40bef197"
original-published-id = "0x36ee39116a55948c8b589f349190f1dc3cc203e43ef857a756579e092f57bc15"
latest-published-id = "0x36ee39116a55948c8b589f349190f1dc3cc203e43ef857a756579e092f57bc15"
published-version = "1"
