# @generated by Move, please check-in and do not edit manually.

[move]
version = 3
manifest_digest = "001E83D5E1082F939DB3A9E553CB9F8F1C533F9B20A2CCB41E97D07A8DB698E3"
deps_digest = "F9B494B64F0615AED0E98FC12A85B85ECD2BC5185C22D30E7F67786BB52E507C"
dependencies = [
  { id = "Iota", name = "Iota" },
  { id = "IotaSystem", name = "IotaSystem" },
  { id = "MoveStdlib", name = "MoveStdlib" },
  { id = "Stardust", name = "Stardust" },
]

[[move.package]]
id = "Iota"
source = { git = "https://github.com/iotaledger/iota.git", rev = "e3c45c9370f14b8137fd1bb9d109d3563d416223", subdir = "crates/iota-framework/packages/iota-framework" }

dependencies = [
  { id = "MoveStdlib", name = "MoveStdlib" },
]

[[move.package]]
id = "IotaSystem"
source = { git = "https://github.com/iotaledger/iota.git", rev = "e3c45c9370f14b8137fd1bb9d109d3563d416223", subdir = "crates/iota-framework/packages/iota-system" }

dependencies = [
  { id = "Iota", name = "Iota" },
  { id = "MoveStdlib", name = "MoveStdlib" },
]

[[move.package]]
id = "MoveStdlib"
source = { git = "https://github.com/iotaledger/iota.git", rev = "e3c45c9370f14b8137fd1bb9d109d3563d416223", subdir = "crates/iota-framework/packages/move-stdlib" }

[[move.package]]
id = "Stardust"
source = { git = "https://github.com/iotaledger/iota.git", rev = "e3c45c9370f14b8137fd1bb9d109d3563d416223", subdir = "crates/iota-framework/packages/stardust" }

dependencies = [
  { id = "Iota", name = "Iota" },
  { id = "MoveStdlib", name = "MoveStdlib" },
]

[move.toolchain-version]
compiler-version = "1.4.1"
edition = "2024.beta"
flavor = "iota"

[env]

[env.testnet]
chain-id = "2304aa97"
original-published-id = "0x46b63bbdfde26aba118f3e9f86405f7337fe463f8bd7a01646144823f8c3d707"
latest-published-id = "0x46b63bbdfde26aba118f3e9f86405f7337fe463f8bd7a01646144823f8c3d707"
published-version = "1"

[env.local]
chain-id = "dd2181e5"
original-published-id = "0x2319aae93cbe97ef111290154a571effb10989bca0ea8804e7804e8aebd9bb67"
latest-published-id = "0x2319aae93cbe97ef111290154a571effb10989bca0ea8804e7804e8aebd9bb67"
published-version = "1"

[env.localnet]
chain-id = "b16af18d"
original-published-id = "0x8dd055002fca5bcfbf888d72fe166baff7a48ae2b7b2b969a0d831a1069373c4"
latest-published-id = "0x8dd055002fca5bcfbf888d72fe166baff7a48ae2b7b2b969a0d831a1069373c4"
published-version = "1"

[env.mainnet]
chain-id = "6364aad5"
original-published-id = "0x0f75165f01198edbc758df00d61440a46300efb639f3a5c33a7c797a8a66d371"
latest-published-id = "0x0f75165f01198edbc758df00d61440a46300efb639f3a5c33a7c797a8a66d371"
published-version = "1"
